// !$*UTF8*$!
{
	archiveVersion = 1;
	classes = {
	};
	objectVersion = 50;
	objects = {

/* Begin PBXBuildFile section */
		FCBC24DD2434CE46007BE4B7 /* Examples.swift in Sources */ = {isa = PBXBuildFile; fileRef = FCBC24DC2434CE46007BE4B7 /* Examples.swift */; };
		FCDA95E8247C117200AAFE78 /* Example3.storyboard in Resources */ = {isa = PBXBuildFile; fileRef = FCDA95E7247C117200AAFE78 /* Example3.storyboard */; };
		FCDA95EC247C12D600AAFE78 /* Example3.swift in Sources */ = {isa = PBXBuildFile; fileRef = FCDA95EB247C12D600AAFE78 /* Example3.swift */; };
		FCF361FE23F63B4100C346D2 /* AppDelegate.swift in Sources */ = {isa = PBXBuildFile; fileRef = FCF361FD23F63B4100C346D2 /* AppDelegate.swift */; };
		FCF3620023F63B4100C346D2 /* SceneDelegate.swift in Sources */ = {isa = PBXBuildFile; fileRef = FCF361FF23F63B4100C346D2 /* SceneDelegate.swift */; };
		FCF3620223F63B4100C346D2 /* ViewController.swift in Sources */ = {isa = PBXBuildFile; fileRef = FCF3620123F63B4100C346D2 /* ViewController.swift */; };
		FCF3620523F63B4100C346D2 /* Main.storyboard in Resources */ = {isa = PBXBuildFile; fileRef = FCF3620323F63B4100C346D2 /* Main.storyboard */; };
		FCF3620723F63B4100C346D2 /* Assets.xcassets in Resources */ = {isa = PBXBuildFile; fileRef = FCF3620623F63B4100C346D2 /* Assets.xcassets */; };
		FCF3620A23F63B4100C346D2 /* LaunchScreen.storyboard in Resources */ = {isa = PBXBuildFile; fileRef = FCF3620823F63B4100C346D2 /* LaunchScreen.storyboard */; };
/* End PBXBuildFile section */

/* Begin PBXFileReference section */
		FCBC24DC2434CE46007BE4B7 /* Examples.swift */ = {isa = PBXFileReference; lastKnownFileType = sourcecode.swift; path = Examples.swift; sourceTree = "<group>"; };
		FCDA95E7247C117200AAFE78 /* Example3.storyboard */ = {isa = PBXFileReference; lastKnownFileType = file.storyboard; path = Example3.storyboard; sourceTree = "<group>"; };
		FCDA95EB247C12D600AAFE78 /* Example3.swift */ = {isa = PBXFileReference; lastKnownFileType = sourcecode.swift; path = Example3.swift; sourceTree = "<group>"; };
		FCF361FA23F63B4100C346D2 /* AutosizeContainer.app */ = {isa = PBXFileReference; explicitFileType = wrapper.application; includeInIndex = 0; path = AutosizeContainer.app; sourceTree = BUILT_PRODUCTS_DIR; };
		FCF361FD23F63B4100C346D2 /* AppDelegate.swift */ = {isa = PBXFileReference; lastKnownFileType = sourcecode.swift; path = AppDelegate.swift; sourceTree = "<group>"; };
		FCF361FF23F63B4100C346D2 /* SceneDelegate.swift */ = {isa = PBXFileReference; lastKnownFileType = sourcecode.swift; path = SceneDelegate.swift; sourceTree = "<group>"; };
		FCF3620123F63B4100C346D2 /* ViewController.swift */ = {isa = PBXFileReference; lastKnownFileType = sourcecode.swift; path = ViewController.swift; sourceTree = "<group>"; };
		FCF3620423F63B4100C346D2 /* Base */ = {isa = PBXFileReference; lastKnownFileType = file.storyboard; name = Base; path = Base.lproj/Main.storyboard; sourceTree = "<group>"; };
		FCF3620623F63B4100C346D2 /* Assets.xcassets */ = {isa = PBXFileReference; lastKnownFileType = folder.assetcatalog; path = Assets.xcassets; sourceTree = "<group>"; };
		FCF3620923F63B4100C346D2 /* Base */ = {isa = PBXFileReference; lastKnownFileType = file.storyboard; name = Base; path = Base.lproj/LaunchScreen.storyboard; sourceTree = "<group>"; };
		FCF3620B23F63B4100C346D2 /* Info.plist */ = {isa = PBXFileReference; lastKnownFileType = text.plist.xml; path = Info.plist; sourceTree = "<group>"; };
/* End PBXFileReference section */

/* Begin PBXFrameworksBuildPhase section */
		FCF361F723F63B4100C346D2 /* Frameworks */ = {
			isa = PBXFrameworksBuildPhase;
			buildActionMask = 2147483647;
			files = (
			);
			runOnlyForDeploymentPostprocessing = 0;
		};
/* End PBXFrameworksBuildPhase section */

/* Begin PBXGroup section */
		FCF361F123F63B4100C346D2 = {
			isa = PBXGroup;
			children = (
				FCF361FC23F63B4100C346D2 /* AutosizeContainer */,
				FCF361FB23F63B4100C346D2 /* Products */,
			);
			sourceTree = "<group>";
		};
		FCF361FB23F63B4100C346D2 /* Products */ = {
			isa = PBXGroup;
			children = (
				FCF361FA23F63B4100C346D2 /* AutosizeContainer.app */,
			);
			name = Products;
			sourceTree = "<group>";
		};
		FCF361FC23F63B4100C346D2 /* AutosizeContainer */ = {
			isa = PBXGroup;
			children = (
				FCF361FD23F63B4100C346D2 /* AppDelegate.swift */,
				FCF361FF23F63B4100C346D2 /* SceneDelegate.swift */,
				FCF3620123F63B4100C346D2 /* ViewController.swift */,
				FCBC24DC2434CE46007BE4B7 /* Examples.swift */,
				FCF3620323F63B4100C346D2 /* Main.storyboard */,
				FCDA95E7247C117200AAFE78 /* Example3.storyboard */,
				FCDA95EB247C12D600AAFE78 /* Example3.swift */,
				FCF3620623F63B4100C346D2 /* Assets.xcassets */,
				FCF3620823F63B4100C346D2 /* LaunchScreen.storyboard */,
				FCF3620B23F63B4100C346D2 /* Info.plist */,
			);
			path = AutosizeContainer;
			sourceTree = "<group>";
		};
/* End PBXGroup section */

/* Begin PBXNativeTarget section */
		FCF361F923F63B4100C346D2 /* AutosizeContainer */ = {
			isa = PBXNativeTarget;
			buildConfigurationList = FCF3620E23F63B4100C346D2 /* Build configuration list for PBXNativeTarget "AutosizeContainer" */;
			buildPhases = (
				FCF361F623F63B4100C346D2 /* Sources */,
				FCF361F723F63B4100C346D2 /* Frameworks */,
				FCF361F823F63B4100C346D2 /* Resources */,
			);
			buildRules = (
			);
			dependencies = (
			);
			name = AutosizeContainer;
			productName = AutosizeContainer;
			productReference = FCF361FA23F63B4100C346D2 /* AutosizeContainer.app */;
			productType = "com.apple.product-type.application";
		};
/* End PBXNativeTarget section */

/* Begin PBXProject section */
		FCF361F223F63B4100C346D2 /* Project object */ = {
			isa = PBXProject;
			attributes = {
				LastSwiftUpdateCheck = 1130;
				LastUpgradeCheck = 1130;
				ORGANIZATIONNAME = "Don Mag";
				TargetAttributes = {
					FCF361F923F63B4100C346D2 = {
						CreatedOnToolsVersion = 11.3;
					};
				};
			};
			buildConfigurationList = FCF361F523F63B4100C346D2 /* Build configuration list for PBXProject "AutosizeContainer" */;
			compatibilityVersion = "Xcode 9.3";
			developmentRegion = en;
			hasScannedForEncodings = 0;
			knownRegions = (
				en,
				Base,
			);
			mainGroup = FCF361F123F63B4100C346D2;
			productRefGroup = FCF361FB23F63B4100C346D2 /* Products */;
			projectDirPath = "";
			projectRoot = "";
			targets = (
				FCF361F923F63B4100C346D2 /* AutosizeContainer */,
			);
		};
/* End PBXProject section */

/* Begin PBXResourcesBuildPhase section */
		FCF361F823F63B4100C346D2 /* Resources */ = {
			isa = PBXResourcesBuildPhase;
			buildActionMask = 2147483647;
			files = (
				FCF3620A23F63B4100C346D2 /* LaunchScreen.storyboard in Resources */,
				FCDA95E8247C117200AAFE78 /* Example3.storyboard in Resources */,
				FCF3620723F63B4100C346D2 /* Assets.xcassets in Resources */,
				FCF3620523F63B4100C346D2 /* Main.storyboard in Resources */,
			);
			runOnlyForDeploymentPostprocessing = 0;
		};
/* End PBXResourcesBuildPhase section */

/* Begin PBXSourcesBuildPhase section */
		FCF361F623F63B4100C346D2 /* Sources */ = {
			isa = PBXSourcesBuildPhase;
			buildActionMask = 2147483647;
			files = (
				FCBC24DD2434CE46007BE4B7 /* Examples.swift in Sources */,
				FCF3620223F63B4100C346D2 /* ViewController.swift in Sources */,
				FCF361FE23F63B4100C346D2 /* AppDelegate.swift in Sources */,
				FCDA95EC247C12D600AAFE78 /* Example3.swift in Sources */,
				FCF3620023F63B4100C346D2 /* SceneDelegate.swift in Sources */,
			);
			runOnlyForDeploymentPostprocessing = 0;
		};
/* End PBXSourcesBuildPhase section */

/* Begin PBXVariantGroup section */
		FCF3620323F63B4100C346D2 /* Main.storyboard */ = {
			isa = PBXVariantGroup;
			children = (
				FCF3620423F63B4100C346D2 /* Base */,
			);
			name = Main.storyboard;
			sourceTree = "<group>";
		};
		FCF3620823F63B4100C346D2 /* LaunchScreen.storyboard */ = {
			isa = PBXVariantGroup;
			children = (
				FCF3620923F63B4100C346D2 /* Base */,
			);
			name = LaunchScreen.storyboard;
			sourceTree = "<group>";
		};
/* End PBXVariantGroup section */

/* Begin XCBuildConfiguration section */
		FCF3620C23F63B4100C346D2 /* Debug */ = {
			isa = XCBuildConfiguration;
			buildSettings = {
				ALWAYS_SEARCH_USER_PATHS = NO;
				CLANG_ANALYZER_NONNULL = YES;
				CLANG_ANALYZER_NUMBER_OBJECT_CONVERSION = YES_AGGRESSIVE;
				CLANG_CXX_LANGUAGE_STANDARD = "gnu++14";
				CLANG_CXX_LIBRARY = "libc++";
				CLANG_ENABLE_MODULES = YES;
				CLANG_ENABLE_OBJC_ARC = YES;
				CLANG_ENABLE_OBJC_WEAK = YES;
				CLANG_WARN_BLOCK_CAPTURE_AUTORELEASING = YES;
				CLANG_WARN_BOOL_CONVERSION = YES;
				CLANG_WARN_COMMA = YES;
				CLANG_WARN_CONSTANT_CONVERSION = YES;
				CLANG_WARN_DEPRECATED_OBJC_IMPLEMENTATIONS = YES;
				CLANG_WARN_DIRECT_OBJC_ISA_USAGE = YES_ERROR;
				CLANG_WARN_DOCUMENTATION_COMMENTS = YES;
				CLANG_WARN_EMPTY_BODY = YES;
				CLANG_WARN_ENUM_CONVERSION = YES;
				CLANG_WARN_INFINITE_RECURSION = YES;
				CLANG_WARN_INT_CONVERSION = YES;
				CLANG_WARN_NON_LITERAL_NULL_CONVERSION = YES;
				CLANG_WARN_OBJC_IMPLICIT_RETAIN_SELF = YES;
				CLANG_WARN_OBJC_LITERAL_CONVERSION = YES;
				CLANG_WARN_OBJC_ROOT_CLASS = YES_ERROR;
				CLANG_WARN_RANGE_LOOP_ANALYSIS = YES;
				CLANG_WARN_STRICT_PROTOTYPES = YES;
				CLANG_WARN_SUSPICIOUS_MOVE = YES;
				CLANG_WARN_UNGUARDED_AVAILABILITY = YES_AGGRESSIVE;
				CLANG_WARN_UNREACHABLE_CODE = YES;
				CLANG_WARN__DUPLICATE_METHOD_MATCH = YES;
				COPY_PHASE_STRIP = NO;
				DEBUG_INFORMATION_FORMAT = dwarf;
				ENABLE_STRICT_OBJC_MSGSEND = YES;
				ENABLE_TESTABILITY = YES;
				GCC_C_LANGUAGE_STANDARD = gnu11;
				GCC_DYNAMIC_NO_PIC = NO;
				GCC_NO_COMMON_BLOCKS = YES;
				GCC_OPTIMIZATION_LEVEL = 0;
				GCC_PREPROCESSOR_DEFINITIONS = (
					"DEBUG=1",
					"$(inherited)",
				);
				GCC_WARN_64_TO_32_BIT_CONVERSION = YES;
				GCC_WARN_ABOUT_RETURN_TYPE = YES_ERROR;
				GCC_WARN_UNDECLARED_SELECTOR = YES;
				GCC_WARN_UNINITIALIZED_AUTOS = YES_AGGRESSIVE;
				GCC_WARN_UNUSED_FUNCTION = YES;
				GCC_WARN_UNUSED_VARIABLE = YES;
				IPHONEOS_DEPLOYMENT_TARGET = 13.2;
				MTL_ENABLE_DEBUG_INFO = INCLUDE_SOURCE;
				MTL_FAST_MATH = YES;
				ONLY_ACTIVE_ARCH = YES;
				SDKROOT = iphoneos;
				SWIFT_ACTIVE_COMPILATION_CONDITIONS = DEBUG;
				SWIFT_OPTIMIZATION_LEVEL = "-Onone";
			};
			name = Debug;
		};
		FCF3620D23F63B4100C346D2 /* Release */ = {
			isa = XCBuildConfiguration;
			buildSettings = {
				ALWAYS_SEARCH_USER_PATHS = NO;
				CLANG_ANALYZER_NONNULL = YES;
				CLANG_ANALYZER_NUMBER_OBJECT_CONVERSION = YES_AGGRESSIVE;
				CLANG_CXX_LANGUAGE_STANDARD = "gnu++14";
				CLANG_CXX_LIBRARY = "libc++";
				CLANG_ENABLE_MODULES = YES;
				CLANG_ENABLE_OBJC_ARC = YES;
				CLANG_ENABLE_OBJC_WEAK = YES;
				CLANG_WARN_BLOCK_CAPTURE_AUTORELEASING = YES;
				CLANG_WARN_BOOL_CONVERSION = YES;
				CLANG_WARN_COMMA = YES;
				CLANG_WARN_CONSTANT_CONVERSION = YES;
				CLANG_WARN_DEPRECATED_OBJC_IMPLEMENTATIONS = YES;
				CLANG_WARN_DIRECT_OBJC_ISA_USAGE = YES_ERROR;
				CLANG_WARN_DOCUMENTATION_COMMENTS = YES;
				CLANG_WARN_EMPTY_BODY = YES;
				CLANG_WARN_ENUM_CONVERSION = YES;
				CLANG_WARN_INFINITE_RECURSION = YES;
				CLANG_WARN_INT_CONVERSION = YES;
				CLANG_WARN_NON_LITERAL_NULL_CONVERSION = YES;
				CLANG_WARN_OBJC_IMPLICIT_RETAIN_SELF = YES;
				CLANG_WARN_OBJC_LITERAL_CONVERSION = YES;
				CLANG_WARN_OBJC_ROOT_CLASS = YES_ERROR;
				CLANG_WARN_RANGE_LOOP_ANALYSIS = YES;
				CLANG_WARN_STRICT_PROTOTYPES = YES;
				CLANG_WARN_SUSPICIOUS_MOVE = YES;
				CLANG_WARN_UNGUARDED_AVAILABILITY = YES_AGGRESSIVE;
				CLANG_WARN_UNREACHABLE_CODE = YES;
				CLANG_WARN__DUPLICATE_METHOD_MATCH = YES;
				COPY_PHASE_STRIP = NO;
				DEBUG_INFORMATION_FORMAT = "dwarf-with-dsym";
				ENABLE_NS_ASSERTIONS = NO;
				ENABLE_STRICT_OBJC_MSGSEND = YES;
				GCC_C_LANGUAGE_STANDARD = gnu11;
				GCC_NO_COMMON_BLOCKS = YES;
				GCC_WARN_64_TO_32_BIT_CONVERSION = YES;
				GCC_WARN_ABOUT_RETURN_TYPE = YES_ERROR;
				GCC_WARN_UNDECLARED_SELECTOR = YES;
				GCC_WARN_UNINITIALIZED_AUTOS = YES_AGGRESSIVE;
				GCC_WARN_UNUSED_FUNCTION = YES;
				GCC_WARN_UNUSED_VARIABLE = YES;
				IPHONEOS_DEPLOYMENT_TARGET = 13.2;
				MTL_ENABLE_DEBUG_INFO = NO;
				MTL_FAST_MATH = YES;
				SDKROOT = iphoneos;
				SWIFT_COMPILATION_MODE = wholemodule;
				SWIFT_OPTIMIZATION_LEVEL = "-O";
				VALIDATE_PRODUCT = YES;
			};
			name = Release;
		};
		FCF3620F23F63B4100C346D2 /* Debug */ = {
			isa = XCBuildConfiguration;
			buildSettings = {
				ASSETCATALOG_COMPILER_APPICON_NAME = AppIcon;
				CODE_SIGN_STYLE = Automatic;
				INFOPLIST_FILE = AutosizeContainer/Info.plist;
				LD_RUNPATH_SEARCH_PATHS = (
					"$(inherited)",
					"@executable_path/Frameworks",
				);
				PRODUCT_BUNDLE_IDENTIFIER = DonMag.AutosizeContainer;
				PRODUCT_NAME = "$(TARGET_NAME)";
				SWIFT_VERSION = 5.0;
				TARGETED_DEVICE_FAMILY = "1,2";
			};
			name = Debug;
		};
		FCF3621023F63B4100C346D2 /* Release */ = {
			isa = XCBuildConfiguration;
			buildSettings = {
				ASSETCATALOG_COMPILER_APPICON_NAME = AppIcon;
				CODE_SIGN_STYLE = Automatic;
				INFOPLIST_FILE = AutosizeContainer/Info.plist;
				LD_RUNPATH_SEARCH_PATHS = (
					"$(inherited)",
					"@executable_path/Frameworks",
				);
				PRODUCT_BUNDLE_IDENTIFIER = DonMag.AutosizeContainer;
				PRODUCT_NAME = "$(TARGET_NAME)";
				SWIFT_VERSION = 5.0;
				TARGETED_DEVICE_FAMILY = "1,2";
			};
			name = Release;
		};
/* End XCBuildConfiguration section */

/* Begin XCConfigurationList section */
		FCF361F523F63B4100C346D2 /* Build configuration list for PBXProject "AutosizeContainer" */ = {
			isa = XCConfigurationList;
			buildConfigurations = (
				FCF3620C23F63B4100C346D2 /* Debug */,
				FCF3620D23F63B4100C346D2 /* Release */,
			);
			defaultConfigurationIsVisible = 0;
			defaultConfigurationName = Release;
		};
		FCF3620E23F63B4100C346D2 /* Build configuration list for PBXNativeTarget "AutosizeContainer" */ = {
			isa = XCConfigurationList;
			buildConfigurations = (
				FCF3620F23F63B4100C346D2 /* Debug */,
				FCF3621023F63B4100C346D2 /* Release */,
			);
			defaultConfigurationIsVisible = 0;
			defaultConfigurationName = Release;
		};
/* End XCConfigurationList section */
	};
	rootObject = FCF361F223F63B4100C346D2 /* Project object */;
}
